
Microsoft Visual Studio Solution File, Format Version 12.00
# Visual Studio Version 17
VisualStudioVersion = 17.8.34511.84
MinimumVisualStudioVersion = 10.0.40219.1
Project("{9A19103F-16F7-4668-BE54-9A1E7A4F7556}") = "BuilderPattern", "BuilderPattern\BuilderPattern.csproj", "{BB0E026C-48FF-4358-943D-DC1F57B76E70}"
EndProject
Project("{9A19103F-16F7-4668-BE54-9A1E7A4F7556}") = "TestConsole", "TestConsole\TestConsole.csproj", "{C0E55AF3-AFE7-4FCD-A41B-6D9001A5349E}"
EndProject
Project("{9A19103F-16F7-4668-BE54-9A1E7A4F7556}") = "DecoratorPattern", "DecoratorPattern\DecoratorPattern.csproj", "{F4350440-8752-444A-9BA1-D2A5774EF2E2}"
EndProject
Project("{9A19103F-16F7-4668-BE54-9A1E7A4F7556}") = "SingletonPattern", "SingletonPattern\SingletonPattern.csproj", "{DEF53B7A-785E-462F-9EE6-44EF7F800298}"
EndProject
Project("{9A19103F-16F7-4668-BE54-9A1E7A4F7556}") = "AdapterPattern", "AdapterPattern\AdapterPattern.csproj", "{9AE8A72C-F50D-4EE6-A0F9-BEEBDEDDBBD4}"
EndProject
Project("{9A19103F-16F7-4668-BE54-9A1E7A4F7556}") = "StrategyPattern", "StrategyPattern\StrategyPattern.csproj", "{672230B8-ADDE-4B74-902F-373AF9BB533B}"
EndProject
Project("{9A19103F-16F7-4668-BE54-9A1E7A4F7556}") = "ObserverPattern", "ObserverPattern\ObserverPattern.csproj", "{76425232-84AB-4F8C-BFCD-83B69BC9BFB9}"
EndProject
Project("{FAE04EC0-301F-11D3-BF4B-00C04F79EFBC}") = "ProxyPattern", "ProxyPattern\ProxyPattern.csproj", "{F12A7B0E-4602-4553-8196-F6A1F8366BC2}"
EndProject
Global
	GlobalSection(SolutionConfigurationPlatforms) = preSolution
		Debug|Any CPU = Debug|Any CPU
		Release|Any CPU = Release|Any CPU
	EndGlobalSection
	GlobalSection(ProjectConfigurationPlatforms) = postSolution
		{BB0E026C-48FF-4358-943D-DC1F57B76E70}.Debug|Any CPU.ActiveCfg = Debug|Any CPU
		{BB0E026C-48FF-4358-943D-DC1F57B76E70}.Debug|Any CPU.Build.0 = Debug|Any CPU
		{BB0E026C-48FF-4358-943D-DC1F57B76E70}.Release|Any CPU.ActiveCfg = Release|Any CPU
		{BB0E026C-48FF-4358-943D-DC1F57B76E70}.Release|Any CPU.Build.0 = Release|Any CPU
		{C0E55AF3-AFE7-4FCD-A41B-6D9001A5349E}.Debug|Any CPU.ActiveCfg = Debug|Any CPU
		{C0E55AF3-AFE7-4FCD-A41B-6D9001A5349E}.Debug|Any CPU.Build.0 = Debug|Any CPU
		{C0E55AF3-AFE7-4FCD-A41B-6D9001A5349E}.Release|Any CPU.ActiveCfg = Release|Any CPU
		{C0E55AF3-AFE7-4FCD-A41B-6D9001A5349E}.Release|Any CPU.Build.0 = Release|Any CPU
		{F4350440-8752-444A-9BA1-D2A5774EF2E2}.Debug|Any CPU.ActiveCfg = Debug|Any CPU
		{F4350440-8752-444A-9BA1-D2A5774EF2E2}.Debug|Any CPU.Build.0 = Debug|Any CPU
		{F4350440-8752-444A-9BA1-D2A5774EF2E2}.Release|Any CPU.ActiveCfg = Release|Any CPU
		{F4350440-8752-444A-9BA1-D2A5774EF2E2}.Release|Any CPU.Build.0 = Release|Any CPU
		{DEF53B7A-785E-462F-9EE6-44EF7F800298}.Debug|Any CPU.ActiveCfg = Debug|Any CPU
		{DEF53B7A-785E-462F-9EE6-44EF7F800298}.Debug|Any CPU.Build.0 = Debug|Any CPU
		{DEF53B7A-785E-462F-9EE6-44EF7F800298}.Release|Any CPU.ActiveCfg = Release|Any CPU
		{DEF53B7A-785E-462F-9EE6-44EF7F800298}.Release|Any CPU.Build.0 = Release|Any CPU
		{9AE8A72C-F50D-4EE6-A0F9-BEEBDEDDBBD4}.Debug|Any CPU.ActiveCfg = Debug|Any CPU
		{9AE8A72C-F50D-4EE6-A0F9-BEEBDEDDBBD4}.Debug|Any CPU.Build.0 = Debug|Any CPU
		{9AE8A72C-F50D-4EE6-A0F9-BEEBDEDDBBD4}.Release|Any CPU.ActiveCfg = Release|Any CPU
		{9AE8A72C-F50D-4EE6-A0F9-BEEBDEDDBBD4}.Release|Any CPU.Build.0 = Release|Any CPU
		{672230B8-ADDE-4B74-902F-373AF9BB533B}.Debug|Any CPU.ActiveCfg = Debug|Any CPU
		{672230B8-ADDE-4B74-902F-373AF9BB533B}.Debug|Any CPU.Build.0 = Debug|Any CPU
		{672230B8-ADDE-4B74-902F-373AF9BB533B}.Release|Any CPU.ActiveCfg = Release|Any CPU
		{672230B8-ADDE-4B74-902F-373AF9BB533B}.Release|Any CPU.Build.0 = Release|Any CPU
		{76425232-84AB-4F8C-BFCD-83B69BC9BFB9}.Debug|Any CPU.ActiveCfg = Debug|Any CPU
		{76425232-84AB-4F8C-BFCD-83B69BC9BFB9}.Debug|Any CPU.Build.0 = Debug|Any CPU
		{76425232-84AB-4F8C-BFCD-83B69BC9BFB9}.Release|Any CPU.ActiveCfg = Release|Any CPU
		{76425232-84AB-4F8C-BFCD-83B69BC9BFB9}.Release|Any CPU.Build.0 = Release|Any CPU
		{F12A7B0E-4602-4553-8196-F6A1F8366BC2}.Debug|Any CPU.ActiveCfg = Debug|Any CPU
		{F12A7B0E-4602-4553-8196-F6A1F8366BC2}.Debug|Any CPU.Build.0 = Debug|Any CPU
		{F12A7B0E-4602-4553-8196-F6A1F8366BC2}.Release|Any CPU.ActiveCfg = Release|Any CPU
		{F12A7B0E-4602-4553-8196-F6A1F8366BC2}.Release|Any CPU.Build.0 = Release|Any CPU
	EndGlobalSection
	GlobalSection(SolutionProperties) = preSolution
		HideSolutionNode = FALSE
	EndGlobalSection
	GlobalSection(ExtensibilityGlobals) = postSolution
		SolutionGuid = {5E50738D-8AC5-453D-8579-446AD762CA1A}
	EndGlobalSection
EndGlobal
